# This file is automatically @generated by Cargo.
# It is not intended for manual editing.
[[package]]
name = "aho-corasick"
version = "0.7.15"
source = "registry+https://github.com/rust-lang/crates.io-index"
checksum = "7404febffaa47dac81aa44dba71523c9d069b1bdc50a77db41195149e17f68e5"
dependencies = [
 "memchr",
]

[[package]]
name = "bare-metal"
version = "0.2.5"
source = "registry+https://github.com/rust-lang/crates.io-index"
checksum = "5deb64efa5bd81e31fcd1938615a6d98c82eafcbcd787162b6f63b91d6bac5b3"
dependencies = [
 "rustc_version",
]

[[package]]
name = "bit_field"
version = "0.10.1"
source = "registry+https://github.com/rust-lang/crates.io-index"
checksum = "dcb6dd1c2376d2e096796e234a70e17e94cc2d5d54ff8ce42b28cef1d0d359a4"

[[package]]
name = "embedded-hal"
version = "1.0.0-alpha.4"
source = "registry+https://github.com/rust-lang/crates.io-index"
checksum = "f2260cabeacf4bda1df1a8d54f67047a9aadf02fe14cfab07649f2cec6a4693b"
dependencies = [
 "nb",
]

[[package]]
name = "lazy_static"
version = "1.4.0"
source = "registry+https://github.com/rust-lang/crates.io-index"
checksum = "e2abad23fbc42b3700f2f279844dc832adb2b2eb069b2df918f455c4e18cc646"
dependencies = [
 "spin 0.5.2",
]

[[package]]
name = "linked_list_allocator"
version = "0.8.7"
source = "registry+https://github.com/rust-lang/crates.io-index"
checksum = "3a4c3c4b7ddfe299e40244fea330eedbbc054f5bc5e4a0b991479c3fba2f4bba"
dependencies = [
 "spinning_top",
]

[[package]]
name = "lock_api"
version = "0.3.4"
source = "registry+https://github.com/rust-lang/crates.io-index"
checksum = "c4da24a77a3d8a6d4862d95f72e6fdb9c09a643ecdb402d754004a557f2bec75"
dependencies = [
 "scopeguard",
]

[[package]]
name = "memchr"
version = "2.3.4"
source = "registry+https://github.com/rust-lang/crates.io-index"
checksum = "0ee1c47aaa256ecabcaea351eae4a9b01ef39ed810004e298d2511ed284b1525"

[[package]]
name = "nb"
version = "1.0.0"
source = "registry+https://github.com/rust-lang/crates.io-index"
checksum = "546c37ac5d9e56f55e73b677106873d9d9f5190605e41a856503623648488cae"

[[package]]
name = "regex"
version = "1.4.2"
source = "registry+https://github.com/rust-lang/crates.io-index"
checksum = "38cf2c13ed4745de91a5eb834e11c00bcc3709e773173b2ce4c56c9fbde04b9c"
dependencies = [
 "aho-corasick",
 "memchr",
 "regex-syntax",
 "thread_local",
]

[[package]]
name = "regex-syntax"
version = "0.6.21"
source = "registry+https://github.com/rust-lang/crates.io-index"
checksum = "3b181ba2dcf07aaccad5448e8ead58db5b742cf85dfe035e2227f137a539a189"

[[package]]
name = "riscv"
version = "0.6.0"
source = "registry+https://github.com/rust-lang/crates.io-index"
checksum = "a2f0b705d428e9d0f78e2bb73093887ee58a83c9688de3faedbb4c0631c4618e"
dependencies = [
 "bare-metal",
 "bit_field",
 "riscv-target",
]

[[package]]
name = "riscv"
version = "0.6.0"
source = "git+https://github.com/rust-embedded/riscv#4145e4aca0133c2b24fb4ccbbc13142588c314f3"
dependencies = [
 "bare-metal",
 "bit_field",
 "riscv-target",
]

[[package]]
name = "riscv-target"
version = "0.1.2"
source = "registry+https://github.com/rust-lang/crates.io-index"
checksum = "88aa938cda42a0cf62a20cfe8d139ff1af20c2e681212b5b34adb5a58333f222"
dependencies = [
 "lazy_static",
 "regex",
]

[[package]]
name = "rustc_version"
version = "0.2.3"
source = "registry+https://github.com/rust-lang/crates.io-index"
checksum = "138e3e0acb6c9fb258b19b67cb8abd63c00679d2851805ea151465464fe9030a"
dependencies = [
 "semver",
]

[[package]]
name = "rustsbi"
version = "0.0.2"
source = "registry+https://github.com/rust-lang/crates.io-index"
checksum = "9ad5911abb3c656ea578ea0fa948798d3e9037e9178f62964bb1c00d4ea732c9"
dependencies = [
 "embedded-hal",
 "lazy_static",
 "nb",
 "riscv 0.6.0 (registry+https://github.com/rust-lang/crates.io-index)",
 "spin 0.6.0",
]

[[package]]
name = "rustsbi-qemu"
version = "0.1.0"
dependencies = [
 "embedded-hal",
 "lazy_static",
 "linked_list_allocator",
 "nb",
 "riscv 0.6.0 (git+https://github.com/rust-embedded/riscv)",
 "rustsbi",
 "spin 0.6.0",
]

[[package]]
name = "scopeguard"
version = "1.1.0"
source = "registry+https://github.com/rust-lang/crates.io-index"
checksum = "d29ab0c6d3fc0ee92fe66e2d99f700eab17a8d57d1c1d3b748380fb20baa78cd"

[[package]]
name = "semver"
version = "0.9.0"
source = "registry+https://github.com/rust-lang/crates.io-index"
checksum = "1d7eb9ef2c18661902cc47e535f9bc51b78acd254da71d375c2f6720d9a40403"
dependencies = [
 "semver-parser",
]

[[package]]
name = "semver-parser"
version = "0.7.0"
source = "registry+https://github.com/rust-lang/crates.io-index"
checksum = "388a1df253eca08550bef6c72392cfe7c30914bf41df5269b68cbd6ff8f570a3"

[[package]]
name = "spin"
version = "0.5.2"
source = "registry+https://github.com/rust-lang/crates.io-index"
checksum = "6e63cff320ae2c57904679ba7cb63280a3dc4613885beafb148ee7bf9aa9042d"

[[package]]
name = "spin"
version = "0.6.0"
source = "registry+https://github.com/rust-lang/crates.io-index"
checksum = "ef7b840d5ef62f81f50649ade37112748461256c64a70bccefeabb4d02c515c5"

[[package]]
name = "spinning_top"
version = "0.1.1"
source = "registry+https://github.com/rust-lang/crates.io-index"
checksum = "047031d6df5f5ae0092c97aa4f6bb04cfc9c081b4cd4cb9cdb38657994279a00"
dependencies = [
 "lock_api",
]

[[package]]
name = "thread_local"
version = "1.0.1"
source = "registry+https://github.com/rust-lang/crates.io-index"
checksum = "d40c6d1b69745a6ec6fb1ca717914848da4b44ae29d9b3080cbee91d72a69b14"
dependencies = [
 "lazy_static",
]
